
Microsoft Visual Studio Solution File, Format Version 12.00
# Visual Studio 14
VisualStudioVersion = 14.0.25420.1
MinimumVisualStudioVersion = 10.0.40219.1
Project("{FAE04EC0-301F-11D3-BF4B-00C04F79EFBC}") = "DearDiary.Web", "DearDiary.Web\DearDiary.Web.csproj", "{1D1BF07A-E676-425C-BE61-CFA8AC3268E3}"
EndProject
Project("{FAE04EC0-301F-11D3-BF4B-00C04F79EFBC}") = "DearDiary.Models", "DearDiary.Models\DearDiary.Models.csproj", "{F287FDE1-0706-4148-9B21-BBF9031D878F}"
EndProject
Project("{FAE04EC0-301F-11D3-BF4B-00C04F79EFBC}") = "DearDiary.Data", "DearDiary.Data\DearDiary.Data.csproj", "{31B24073-AB91-4D6C-8B75-B28DF3DC088C}"
EndProject
Global
	GlobalSection(SolutionConfigurationPlatforms) = preSolution
		Debug|Any CPU = Debug|Any CPU
		Release|Any CPU = Release|Any CPU
	EndGlobalSection
	GlobalSection(ProjectConfigurationPlatforms) = postSolution
		{1D1BF07A-E676-425C-BE61-CFA8AC3268E3}.Debug|Any CPU.ActiveCfg = Debug|Any CPU
		{1D1BF07A-E676-425C-BE61-CFA8AC3268E3}.Debug|Any CPU.Build.0 = Debug|Any CPU
		{1D1BF07A-E676-425C-BE61-CFA8AC3268E3}.Release|Any CPU.ActiveCfg = Release|Any CPU
		{1D1BF07A-E676-425C-BE61-CFA8AC3268E3}.Release|Any CPU.Build.0 = Release|Any CPU
		{F287FDE1-0706-4148-9B21-BBF9031D878F}.Debug|Any CPU.ActiveCfg = Debug|Any CPU
		{F287FDE1-0706-4148-9B21-BBF9031D878F}.Debug|Any CPU.Build.0 = Debug|Any CPU
		{F287FDE1-0706-4148-9B21-BBF9031D878F}.Release|Any CPU.ActiveCfg = Release|Any CPU
		{F287FDE1-0706-4148-9B21-BBF9031D878F}.Release|Any CPU.Build.0 = Release|Any CPU
		{31B24073-AB91-4D6C-8B75-B28DF3DC088C}.Debug|Any CPU.ActiveCfg = Debug|Any CPU
		{31B24073-AB91-4D6C-8B75-B28DF3DC088C}.Debug|Any CPU.Build.0 = Debug|Any CPU
		{31B24073-AB91-4D6C-8B75-B28DF3DC088C}.Release|Any CPU.ActiveCfg = Release|Any CPU
		{31B24073-AB91-4D6C-8B75-B28DF3DC088C}.Release|Any CPU.Build.0 = Release|Any CPU
	EndGlobalSection
	GlobalSection(SolutionProperties) = preSolution
		HideSolutionNode = FALSE
	EndGlobalSection
EndGlobal
